// !$*UTF8*$!
{
	archiveVersion = 1;
	classes = {
	};
	objectVersion = 50;
	objects = {

/* Begin PBXBuildFile section */
		96A60B82256BD1F100C5C71D /* AppDelegate.swift in Sources */ = {isa = PBXBuildFile; fileRef = 96A60B81256BD1F100C5C71D /* AppDelegate.swift */; };
		96A60B84256BD1F100C5C71D /* SceneDelegate.swift in Sources */ = {isa = PBXBuildFile; fileRef = 96A60B83256BD1F100C5C71D /* SceneDelegate.swift */; };
		96A60B86256BD1F100C5C71D /* ViewController.swift in Sources */ = {isa = PBXBuildFile; fileRef = 96A60B85256BD1F100C5C71D /* ViewController.swift */; };
		96A60B89256BD1F100C5C71D /* Main.storyboard in Resources */ = {isa = PBXBuildFile; fileRef = 96A60B87256BD1F100C5C71D /* Main.storyboard */; };
		96A60B8B256BD1F300C5C71D /* Assets.xcassets in Resources */ = {isa = PBXBuildFile; fileRef = 96A60B8A256BD1F300C5C71D /* Assets.xcassets */; };
		96A60B8E256BD1F300C5C71D /* LaunchScreen.storyboard in Resources */ = {isa = PBXBuildFile; fileRef = 96A60B8C256BD1F300C5C71D /* LaunchScreen.storyboard */; };
		96A60B99256BD1F300C5C71D /* iOS_Intermediate_lession_1Tests.swift in Sources */ = {isa = PBXBuildFile; fileRef = 96A60B98256BD1F300C5C71D /* iOS_Intermediate_lession_1Tests.swift */; };
		96A60BA4256BD1F300C5C71D /* iOS_Intermediate_lession_1UITests.swift in Sources */ = {isa = PBXBuildFile; fileRef = 96A60BA3256BD1F300C5C71D /* iOS_Intermediate_lession_1UITests.swift */; };
/* End PBXBuildFile section */

/* Begin PBXContainerItemProxy section */
		96A60B95256BD1F300C5C71D /* PBXContainerItemProxy */ = {
			isa = PBXContainerItemProxy;
			containerPortal = 96A60B76256BD1F100C5C71D /* Project object */;
			proxyType = 1;
			remoteGlobalIDString = 96A60B7D256BD1F100C5C71D;
			remoteInfo = "iOS-Intermediate-lession-1";
		};
		96A60BA0256BD1F300C5C71D /* PBXContainerItemProxy */ = {
			isa = PBXContainerItemProxy;
			containerPortal = 96A60B76256BD1F100C5C71D /* Project object */;
			proxyType = 1;
			remoteGlobalIDString = 96A60B7D256BD1F100C5C71D;
			remoteInfo = "iOS-Intermediate-lession-1";
		};
/* End PBXContainerItemProxy section */

/* Begin PBXFileReference section */
		96A60B7E256BD1F100C5C71D /* iOS-Intermediate-lession-1.app */ = {isa = PBXFileReference; explicitFileType = wrapper.application; includeInIndex = 0; path = "iOS-Intermediate-lession-1.app"; sourceTree = BUILT_PRODUCTS_DIR; };
		96A60B81256BD1F100C5C71D /* AppDelegate.swift */ = {isa = PBXFileReference; lastKnownFileType = sourcecode.swift; path = AppDelegate.swift; sourceTree = "<group>"; };
		96A60B83256BD1F100C5C71D /* SceneDelegate.swift */ = {isa = PBXFileReference; lastKnownFileType = sourcecode.swift; path = SceneDelegate.swift; sourceTree = "<group>"; };
		96A60B85256BD1F100C5C71D /* ViewController.swift */ = {isa = PBXFileReference; lastKnownFileType = sourcecode.swift; path = ViewController.swift; sourceTree = "<group>"; };
		96A60B88256BD1F100C5C71D /* Base */ = {isa = PBXFileReference; lastKnownFileType = file.storyboard; name = Base; path = Base.lproj/Main.storyboard; sourceTree = "<group>"; };
		96A60B8A256BD1F300C5C71D /* Assets.xcassets */ = {isa = PBXFileReference; lastKnownFileType = folder.assetcatalog; path = Assets.xcassets; sourceTree = "<group>"; };
		96A60B8D256BD1F300C5C71D /* Base */ = {isa = PBXFileReference; lastKnownFileType = file.storyboard; name = Base; path = Base.lproj/LaunchScreen.storyboard; sourceTree = "<group>"; };
		96A60B8F256BD1F300C5C71D /* Info.plist */ = {isa = PBXFileReference; lastKnownFileType = text.plist.xml; path = Info.plist; sourceTree = "<group>"; };
		96A60B94256BD1F300C5C71D /* iOS-Intermediate-lession-1Tests.xctest */ = {isa = PBXFileReference; explicitFileType = wrapper.cfbundle; includeInIndex = 0; path = "iOS-Intermediate-lession-1Tests.xctest"; sourceTree = BUILT_PRODUCTS_DIR; };
		96A60B98256BD1F300C5C71D /* iOS_Intermediate_lession_1Tests.swift */ = {isa = PBXFileReference; lastKnownFileType = sourcecode.swift; path = iOS_Intermediate_lession_1Tests.swift; sourceTree = "<group>"; };
		96A60B9A256BD1F300C5C71D /* Info.plist */ = {isa = PBXFileReference; lastKnownFileType = text.plist.xml; path = Info.plist; sourceTree = "<group>"; };
		96A60B9F256BD1F300C5C71D /* iOS-Intermediate-lession-1UITests.xctest */ = {isa = PBXFileReference; explicitFileType = wrapper.cfbundle; includeInIndex = 0; path = "iOS-Intermediate-lession-1UITests.xctest"; sourceTree = BUILT_PRODUCTS_DIR; };
		96A60BA3256BD1F300C5C71D /* iOS_Intermediate_lession_1UITests.swift */ = {isa = PBXFileReference; lastKnownFileType = sourcecode.swift; path = iOS_Intermediate_lession_1UITests.swift; sourceTree = "<group>"; };
		96A60BA5256BD1F300C5C71D /* Info.plist */ = {isa = PBXFileReference; lastKnownFileType = text.plist.xml; path = Info.plist; sourceTree = "<group>"; };
/* End PBXFileReference section */

/* Begin PBXFrameworksBuildPhase section */
		96A60B7B256BD1F100C5C71D /* Frameworks */ = {
			isa = PBXFrameworksBuildPhase;
			buildActionMask = 2147483647;
			files = (
			);
			runOnlyForDeploymentPostprocessing = 0;
		};
		96A60B91256BD1F300C5C71D /* Frameworks */ = {
			isa = PBXFrameworksBuildPhase;
			buildActionMask = 2147483647;
			files = (
			);
			runOnlyForDeploymentPostprocessing = 0;
		};
		96A60B9C256BD1F300C5C71D /* Frameworks */ = {
			isa = PBXFrameworksBuildPhase;
			buildActionMask = 2147483647;
			files = (
			);
			runOnlyForDeploymentPostprocessing = 0;
		};
/* End PBXFrameworksBuildPhase section */

/* Begin PBXGroup section */
		96A60B75256BD1F100C5C71D = {
			isa = PBXGroup;
			children = (
				96A60B80256BD1F100C5C71D /* iOS-Intermediate-lession-1 */,
				96A60B97256BD1F300C5C71D /* iOS-Intermediate-lession-1Tests */,
				96A60BA2256BD1F300C5C71D /* iOS-Intermediate-lession-1UITests */,
				96A60B7F256BD1F100C5C71D /* Products */,
			);
			sourceTree = "<group>";
		};
		96A60B7F256BD1F100C5C71D /* Products */ = {
			isa = PBXGroup;
			children = (
				96A60B7E256BD1F100C5C71D /* iOS-Intermediate-lession-1.app */,
				96A60B94256BD1F300C5C71D /* iOS-Intermediate-lession-1Tests.xctest */,
				96A60B9F256BD1F300C5C71D /* iOS-Intermediate-lession-1UITests.xctest */,
			);
			name = Products;
			sourceTree = "<group>";
		};
		96A60B80256BD1F100C5C71D /* iOS-Intermediate-lession-1 */ = {
			isa = PBXGroup;
			children = (
				96A60B81256BD1F100C5C71D /* AppDelegate.swift */,
				96A60B83256BD1F100C5C71D /* SceneDelegate.swift */,
				96A60B85256BD1F100C5C71D /* ViewController.swift */,
				96A60B87256BD1F100C5C71D /* Main.storyboard */,
				96A60B8A256BD1F300C5C71D /* Assets.xcassets */,
				96A60B8C256BD1F300C5C71D /* LaunchScreen.storyboard */,
				96A60B8F256BD1F300C5C71D /* Info.plist */,
			);
			path = "iOS-Intermediate-lession-1";
			sourceTree = "<group>";
		};
		96A60B97256BD1F300C5C71D /* iOS-Intermediate-lession-1Tests */ = {
			isa = PBXGroup;
			children = (
				96A60B98256BD1F300C5C71D /* iOS_Intermediate_lession_1Tests.swift */,
				96A60B9A256BD1F300C5C71D /* Info.plist */,
			);
			path = "iOS-Intermediate-lession-1Tests";
			sourceTree = "<group>";
		};
		96A60BA2256BD1F300C5C71D /* iOS-Intermediate-lession-1UITests */ = {
			isa = PBXGroup;
			children = (
				96A60BA3256BD1F300C5C71D /* iOS_Intermediate_lession_1UITests.swift */,
				96A60BA5256BD1F300C5C71D /* Info.plist */,
			);
			path = "iOS-Intermediate-lession-1UITests";
			sourceTree = "<group>";
		};
/* End PBXGroup section */

/* Begin PBXNativeTarget section */
		96A60B7D256BD1F100C5C71D /* iOS-Intermediate-lession-1 */ = {
			isa = PBXNativeTarget;
			buildConfigurationList = 96A60BA8256BD1F300C5C71D /* Build configuration list for PBXNativeTarget "iOS-Intermediate-lession-1" */;
			buildPhases = (
				96A60B7A256BD1F100C5C71D /* Sources */,
				96A60B7B256BD1F100C5C71D /* Frameworks */,
				96A60B7C256BD1F100C5C71D /* Resources */,
			);
			buildRules = (
			);
			dependencies = (
			);
			name = "iOS-Intermediate-lession-1";
			productName = "iOS-Intermediate-lession-1";
			productReference = 96A60B7E256BD1F100C5C71D /* iOS-Intermediate-lession-1.app */;
			productType = "com.apple.product-type.application";
		};
		96A60B93256BD1F300C5C71D /* iOS-Intermediate-lession-1Tests */ = {
			isa = PBXNativeTarget;
			buildConfigurationList = 96A60BAB256BD1F300C5C71D /* Build configuration list for PBXNativeTarget "iOS-Intermediate-lession-1Tests" */;
			buildPhases = (
				96A60B90256BD1F300C5C71D /* Sources */,
				96A60B91256BD1F300C5C71D /* Frameworks */,
				96A60B92256BD1F300C5C71D /* Resources */,
			);
			buildRules = (
			);
			dependencies = (
				96A60B96256BD1F300C5C71D /* PBXTargetDependency */,
			);
			name = "iOS-Intermediate-lession-1Tests";
			productName = "iOS-Intermediate-lession-1Tests";
			productReference = 96A60B94256BD1F300C5C71D /* iOS-Intermediate-lession-1Tests.xctest */;
			productType = "com.apple.product-type.bundle.unit-test";
		};
		96A60B9E256BD1F300C5C71D /* iOS-Intermediate-lession-1UITests */ = {
			isa = PBXNativeTarget;
			buildConfigurationList = 96A60BAE256BD1F300C5C71D /* Build configuration list for PBXNativeTarget "iOS-Intermediate-lession-1UITests" */;
			buildPhases = (
				96A60B9B256BD1F300C5C71D /* Sources */,
				96A60B9C256BD1F300C5C71D /* Frameworks */,
				96A60B9D256BD1F300C5C71D /* Resources */,
			);
			buildRules = (
			);
			dependencies = (
				96A60BA1256BD1F300C5C71D /* PBXTargetDependency */,
			);
			name = "iOS-Intermediate-lession-1UITests";
			productName = "iOS-Intermediate-lession-1UITests";
			productReference = 96A60B9F256BD1F300C5C71D /* iOS-Intermediate-lession-1UITests.xctest */;
			productType = "com.apple.product-type.bundle.ui-testing";
		};
/* End PBXNativeTarget section */

/* Begin PBXProject section */
		96A60B76256BD1F100C5C71D /* Project object */ = {
			isa = PBXProject;
			attributes = {
				LastSwiftUpdateCheck = 1130;
				LastUpgradeCheck = 1130;
				ORGANIZATIONNAME = "klaudia paprika";
				TargetAttributes = {
					96A60B7D256BD1F100C5C71D = {
						CreatedOnToolsVersion = 11.3;
					};
					96A60B93256BD1F300C5C71D = {
						CreatedOnToolsVersion = 11.3;
						TestTargetID = 96A60B7D256BD1F100C5C71D;
					};
					96A60B9E256BD1F300C5C71D = {
						CreatedOnToolsVersion = 11.3;
						TestTargetID = 96A60B7D256BD1F100C5C71D;
					};
				};
			};
			buildConfigurationList = 96A60B79256BD1F100C5C71D /* Build configuration list for PBXProject "iOS-Intermediate-lession-1" */;
			compatibilityVersion = "Xcode 9.3";
			developmentRegion = en;
			hasScannedForEncodings = 0;
			knownRegions = (
				en,
				Base,
			);
			mainGroup = 96A60B75256BD1F100C5C71D;
			productRefGroup = 96A60B7F256BD1F100C5C71D /* Products */;
			projectDirPath = "";
			projectRoot = "";
			targets = (
				96A60B7D256BD1F100C5C71D /* iOS-Intermediate-lession-1 */,
				96A60B93256BD1F300C5C71D /* iOS-Intermediate-lession-1Tests */,
				96A60B9E256BD1F300C5C71D /* iOS-Intermediate-lession-1UITests */,
			);
		};
/* End PBXProject section */

/* Begin PBXResourcesBuildPhase section */
		96A60B7C256BD1F100C5C71D /* Resources */ = {
			isa = PBXResourcesBuildPhase;
			buildActionMask = 2147483647;
			files = (
				96A60B8E256BD1F300C5C71D /* LaunchScreen.storyboard in Resources */,
				96A60B8B256BD1F300C5C71D /* Assets.xcassets in Resources */,
				96A60B89256BD1F100C5C71D /* Main.storyboard in Resources */,
			);
			runOnlyForDeploymentPostprocessing = 0;
		};
		96A60B92256BD1F300C5C71D /* Resources */ = {
			isa = PBXResourcesBuildPhase;
			buildActionMask = 2147483647;
			files = (
			);
			runOnlyForDeploymentPostprocessing = 0;
		};
		96A60B9D256BD1F300C5C71D /* Resources */ = {
			isa = PBXResourcesBuildPhase;
			buildActionMask = 2147483647;
			files = (
			);
			runOnlyForDeploymentPostprocessing = 0;
		};
/* End PBXResourcesBuildPhase section */

/* Begin PBXSourcesBuildPhase section */
		96A60B7A256BD1F100C5C71D /* Sources */ = {
			isa = PBXSourcesBuildPhase;
			buildActionMask = 2147483647;
			files = (
				96A60B86256BD1F100C5C71D /* ViewController.swift in Sources */,
				96A60B82256BD1F100C5C71D /* AppDelegate.swift in Sources */,
				96A60B84256BD1F100C5C71D /* SceneDelegate.swift in Sources */,
			);
			runOnlyForDeploymentPostprocessing = 0;
		};
		96A60B90256BD1F300C5C71D /* Sources */ = {
			isa = PBXSourcesBuildPhase;
			buildActionMask = 2147483647;
			files = (
				96A60B99256BD1F300C5C71D /* iOS_Intermediate_lession_1Tests.swift in Sources */,
			);
			runOnlyForDeploymentPostprocessing = 0;
		};
		96A60B9B256BD1F300C5C71D /* Sources */ = {
			isa = PBXSourcesBuildPhase;
			buildActionMask = 2147483647;
			files = (
				96A60BA4256BD1F300C5C71D /* iOS_Intermediate_lession_1UITests.swift in Sources */,
			);
			runOnlyForDeploymentPostprocessing = 0;
		};
/* End PBXSourcesBuildPhase section */

/* Begin PBXTargetDependency section */
		96A60B96256BD1F300C5C71D /* PBXTargetDependency */ = {
			isa = PBXTargetDependency;
			target = 96A60B7D256BD1F100C5C71D /* iOS-Intermediate-lession-1 */;
			targetProxy = 96A60B95256BD1F300C5C71D /* PBXContainerItemProxy */;
		};
		96A60BA1256BD1F300C5C71D /* PBXTargetDependency */ = {
			isa = PBXTargetDependency;
			target = 96A60B7D256BD1F100C5C71D /* iOS-Intermediate-lession-1 */;
			targetProxy = 96A60BA0256BD1F300C5C71D /* PBXContainerItemProxy */;
		};
/* End PBXTargetDependency section */

/* Begin PBXVariantGroup section */
		96A60B87256BD1F100C5C71D /* Main.storyboard */ = {
			isa = PBXVariantGroup;
			children = (
				96A60B88256BD1F100C5C71D /* Base */,
			);
			name = Main.storyboard;
			sourceTree = "<group>";
		};
		96A60B8C256BD1F300C5C71D /* LaunchScreen.storyboard */ = {
			isa = PBXVariantGroup;
			children = (
				96A60B8D256BD1F300C5C71D /* Base */,
			);
			name = LaunchScreen.storyboard;
			sourceTree = "<group>";
		};
/* End PBXVariantGroup section */

/* Begin XCBuildConfiguration section */
		96A60BA6256BD1F300C5C71D /* Debug */ = {
			isa = XCBuildConfiguration;
			buildSettings = {
				ALWAYS_SEARCH_USER_PATHS = NO;
				CLANG_ANALYZER_NONNULL = YES;
				CLANG_ANALYZER_NUMBER_OBJECT_CONVERSION = YES_AGGRESSIVE;
				CLANG_CXX_LANGUAGE_STANDARD = "gnu++14";
				CLANG_CXX_LIBRARY = "libc++";
				CLANG_ENABLE_MODULES = YES;
				CLANG_ENABLE_OBJC_ARC = YES;
				CLANG_ENABLE_OBJC_WEAK = YES;
				CLANG_WARN_BLOCK_CAPTURE_AUTORELEASING = YES;
				CLANG_WARN_BOOL_CONVERSION = YES;
				CLANG_WARN_COMMA = YES;
				CLANG_WARN_CONSTANT_CONVERSION = YES;
				CLANG_WARN_DEPRECATED_OBJC_IMPLEMENTATIONS = YES;
				CLANG_WARN_DIRECT_OBJC_ISA_USAGE = YES_ERROR;
				CLANG_WARN_DOCUMENTATION_COMMENTS = YES;
				CLANG_WARN_EMPTY_BODY = YES;
				CLANG_WARN_ENUM_CONVERSION = YES;
				CLANG_WARN_INFINITE_RECURSION = YES;
				CLANG_WARN_INT_CONVERSION = YES;
				CLANG_WARN_NON_LITERAL_NULL_CONVERSION = YES;
				CLANG_WARN_OBJC_IMPLICIT_RETAIN_SELF = YES;
				CLANG_WARN_OBJC_LITERAL_CONVERSION = YES;
				CLANG_WARN_OBJC_ROOT_CLASS = YES_ERROR;
				CLANG_WARN_RANGE_LOOP_ANALYSIS = YES;
				CLANG_WARN_STRICT_PROTOTYPES = YES;
				CLANG_WARN_SUSPICIOUS_MOVE = YES;
				CLANG_WARN_UNGUARDED_AVAILABILITY = YES_AGGRESSIVE;
				CLANG_WARN_UNREACHABLE_CODE = YES;
				CLANG_WARN__DUPLICATE_METHOD_MATCH = YES;
				COPY_PHASE_STRIP = NO;
				DEBUG_INFORMATION_FORMAT = dwarf;
				ENABLE_STRICT_OBJC_MSGSEND = YES;
				ENABLE_TESTABILITY = YES;
				GCC_C_LANGUAGE_STANDARD = gnu11;
				GCC_DYNAMIC_NO_PIC = NO;
				GCC_NO_COMMON_BLOCKS = YES;
				GCC_OPTIMIZATION_LEVEL = 0;
				GCC_PREPROCESSOR_DEFINITIONS = (
					"DEBUG=1",
					"$(inherited)",
				);
				GCC_WARN_64_TO_32_BIT_CONVERSION = YES;
				GCC_WARN_ABOUT_RETURN_TYPE = YES_ERROR;
				GCC_WARN_UNDECLARED_SELECTOR = YES;
				GCC_WARN_UNINITIALIZED_AUTOS = YES_AGGRESSIVE;
				GCC_WARN_UNUSED_FUNCTION = YES;
				GCC_WARN_UNUSED_VARIABLE = YES;
				IPHONEOS_DEPLOYMENT_TARGET = 13.2;
				MTL_ENABLE_DEBUG_INFO = INCLUDE_SOURCE;
				MTL_FAST_MATH = YES;
				ONLY_ACTIVE_ARCH = YES;
				SDKROOT = iphoneos;
				SWIFT_ACTIVE_COMPILATION_CONDITIONS = DEBUG;
				SWIFT_OPTIMIZATION_LEVEL = "-Onone";
			};
			name = Debug;
		};
		96A60BA7256BD1F300C5C71D /* Release */ = {
			isa = XCBuildConfiguration;
			buildSettings = {
				ALWAYS_SEARCH_USER_PATHS = NO;
				CLANG_ANALYZER_NONNULL = YES;
				CLANG_ANALYZER_NUMBER_OBJECT_CONVERSION = YES_AGGRESSIVE;
				CLANG_CXX_LANGUAGE_STANDARD = "gnu++14";
				CLANG_CXX_LIBRARY = "libc++";
				CLANG_ENABLE_MODULES = YES;
				CLANG_ENABLE_OBJC_ARC = YES;
				CLANG_ENABLE_OBJC_WEAK = YES;
				CLANG_WARN_BLOCK_CAPTURE_AUTORELEASING = YES;
				CLANG_WARN_BOOL_CONVERSION = YES;
				CLANG_WARN_COMMA = YES;
				CLANG_WARN_CONSTANT_CONVERSION = YES;
				CLANG_WARN_DEPRECATED_OBJC_IMPLEMENTATIONS = YES;
				CLANG_WARN_DIRECT_OBJC_ISA_USAGE = YES_ERROR;
				CLANG_WARN_DOCUMENTATION_COMMENTS = YES;
				CLANG_WARN_EMPTY_BODY = YES;
				CLANG_WARN_ENUM_CONVERSION = YES;
				CLANG_WARN_INFINITE_RECURSION = YES;
				CLANG_WARN_INT_CONVERSION = YES;
				CLANG_WARN_NON_LITERAL_NULL_CONVERSION = YES;
				CLANG_WARN_OBJC_IMPLICIT_RETAIN_SELF = YES;
				CLANG_WARN_OBJC_LITERAL_CONVERSION = YES;
				CLANG_WARN_OBJC_ROOT_CLASS = YES_ERROR;
				CLANG_WARN_RANGE_LOOP_ANALYSIS = YES;
				CLANG_WARN_STRICT_PROTOTYPES = YES;
				CLANG_WARN_SUSPICIOUS_MOVE = YES;
				CLANG_WARN_UNGUARDED_AVAILABILITY = YES_AGGRESSIVE;
				CLANG_WARN_UNREACHABLE_CODE = YES;
				CLANG_WARN__DUPLICATE_METHOD_MATCH = YES;
				COPY_PHASE_STRIP = NO;
				DEBUG_INFORMATION_FORMAT = "dwarf-with-dsym";
				ENABLE_NS_ASSERTIONS = NO;
				ENABLE_STRICT_OBJC_MSGSEND = YES;
				GCC_C_LANGUAGE_STANDARD = gnu11;
				GCC_NO_COMMON_BLOCKS = YES;
				GCC_WARN_64_TO_32_BIT_CONVERSION = YES;
				GCC_WARN_ABOUT_RETURN_TYPE = YES_ERROR;
				GCC_WARN_UNDECLARED_SELECTOR = YES;
				GCC_WARN_UNINITIALIZED_AUTOS = YES_AGGRESSIVE;
				GCC_WARN_UNUSED_FUNCTION = YES;
				GCC_WARN_UNUSED_VARIABLE = YES;
				IPHONEOS_DEPLOYMENT_TARGET = 13.2;
				MTL_ENABLE_DEBUG_INFO = NO;
				MTL_FAST_MATH = YES;
				SDKROOT = iphoneos;
				SWIFT_COMPILATION_MODE = wholemodule;
				SWIFT_OPTIMIZATION_LEVEL = "-O";
				VALIDATE_PRODUCT = YES;
			};
			name = Release;
		};
		96A60BA9256BD1F300C5C71D /* Debug */ = {
			isa = XCBuildConfiguration;
			buildSettings = {
				ASSETCATALOG_COMPILER_APPICON_NAME = AppIcon;
				CODE_SIGN_STYLE = Automatic;
				INFOPLIST_FILE = "iOS-Intermediate-lession-1/Info.plist";
				LD_RUNPATH_SEARCH_PATHS = (
					"$(inherited)",
					"@executable_path/Frameworks",
				);
				PRODUCT_BUNDLE_IDENTIFIER = "com.me.iOS-Intermediate-lession-1";
				PRODUCT_NAME = "$(TARGET_NAME)";
				SWIFT_VERSION = 5.0;
				TARGETED_DEVICE_FAMILY = "1,2";
			};
			name = Debug;
		};
		96A60BAA256BD1F300C5C71D /* Release */ = {
			isa = XCBuildConfiguration;
			buildSettings = {
				ASSETCATALOG_COMPILER_APPICON_NAME = AppIcon;
				CODE_SIGN_STYLE = Automatic;
				INFOPLIST_FILE = "iOS-Intermediate-lession-1/Info.plist";
				LD_RUNPATH_SEARCH_PATHS = (
					"$(inherited)",
					"@executable_path/Frameworks",
				);
				PRODUCT_BUNDLE_IDENTIFIER = "com.me.iOS-Intermediate-lession-1";
				PRODUCT_NAME = "$(TARGET_NAME)";
				SWIFT_VERSION = 5.0;
				TARGETED_DEVICE_FAMILY = "1,2";
			};
			name = Release;
		};
		96A60BAC256BD1F300C5C71D /* Debug */ = {
			isa = XCBuildConfiguration;
			buildSettings = {
				ALWAYS_EMBED_SWIFT_STANDARD_LIBRARIES = YES;
				BUNDLE_LOADER = "$(TEST_HOST)";
				CODE_SIGN_STYLE = Automatic;
				INFOPLIST_FILE = "iOS-Intermediate-lession-1Tests/Info.plist";
				IPHONEOS_DEPLOYMENT_TARGET = 13.2;
				LD_RUNPATH_SEARCH_PATHS = (
					"$(inherited)",
					"@executable_path/Frameworks",
					"@loader_path/Frameworks",
				);
				PRODUCT_BUNDLE_IDENTIFIER = "com.me.iOS-Intermediate-lession-1Tests";
				PRODUCT_NAME = "$(TARGET_NAME)";
				SWIFT_VERSION = 5.0;
				TARGETED_DEVICE_FAMILY = "1,2";
				TEST_HOST = "$(BUILT_PRODUCTS_DIR)/iOS-Intermediate-lession-1.app/iOS-Intermediate-lession-1";
			};
			name = Debug;
		};
		96A60BAD256BD1F300C5C71D /* Release */ = {
			isa = XCBuildConfiguration;
			buildSettings = {
				ALWAYS_EMBED_SWIFT_STANDARD_LIBRARIES = YES;
				BUNDLE_LOADER = "$(TEST_HOST)";
				CODE_SIGN_STYLE = Automatic;
				INFOPLIST_FILE = "iOS-Intermediate-lession-1Tests/Info.plist";
				IPHONEOS_DEPLOYMENT_TARGET = 13.2;
				LD_RUNPATH_SEARCH_PATHS = (
					"$(inherited)",
					"@executable_path/Frameworks",
					"@loader_path/Frameworks",
				);
				PRODUCT_BUNDLE_IDENTIFIER = "com.me.iOS-Intermediate-lession-1Tests";
				PRODUCT_NAME = "$(TARGET_NAME)";
				SWIFT_VERSION = 5.0;
				TARGETED_DEVICE_FAMILY = "1,2";
				TEST_HOST = "$(BUILT_PRODUCTS_DIR)/iOS-Intermediate-lession-1.app/iOS-Intermediate-lession-1";
			};
			name = Release;
		};
		96A60BAF256BD1F300C5C71D /* Debug */ = {
			isa = XCBuildConfiguration;
			buildSettings = {
				ALWAYS_EMBED_SWIFT_STANDARD_LIBRARIES = YES;
				CODE_SIGN_STYLE = Automatic;
				INFOPLIST_FILE = "iOS-Intermediate-lession-1UITests/Info.plist";
				LD_RUNPATH_SEARCH_PATHS = (
					"$(inherited)",
					"@executable_path/Frameworks",
					"@loader_path/Frameworks",
				);
				PRODUCT_BUNDLE_IDENTIFIER = "com.me.iOS-Intermediate-lession-1UITests";
				PRODUCT_NAME = "$(TARGET_NAME)";
				SWIFT_VERSION = 5.0;
				TARGETED_DEVICE_FAMILY = "1,2";
				TEST_TARGET_NAME = "iOS-Intermediate-lession-1";
			};
			name = Debug;
		};
		96A60BB0256BD1F300C5C71D /* Release */ = {
			isa = XCBuildConfiguration;
			buildSettings = {
				ALWAYS_EMBED_SWIFT_STANDARD_LIBRARIES = YES;
				CODE_SIGN_STYLE = Automatic;
				INFOPLIST_FILE = "iOS-Intermediate-lession-1UITests/Info.plist";
				LD_RUNPATH_SEARCH_PATHS = (
					"$(inherited)",
					"@executable_path/Frameworks",
					"@loader_path/Frameworks",
				);
				PRODUCT_BUNDLE_IDENTIFIER = "com.me.iOS-Intermediate-lession-1UITests";
				PRODUCT_NAME = "$(TARGET_NAME)";
				SWIFT_VERSION = 5.0;
				TARGETED_DEVICE_FAMILY = "1,2";
				TEST_TARGET_NAME = "iOS-Intermediate-lession-1";
			};
			name = Release;
		};
/* End XCBuildConfiguration section */

/* Begin XCConfigurationList section */
		96A60B79256BD1F100C5C71D /* Build configuration list for PBXProject "iOS-Intermediate-lession-1" */ = {
			isa = XCConfigurationList;
			buildConfigurations = (
				96A60BA6256BD1F300C5C71D /* Debug */,
				96A60BA7256BD1F300C5C71D /* Release */,
			);
			defaultConfigurationIsVisible = 0;
			defaultConfigurationName = Release;
		};
		96A60BA8256BD1F300C5C71D /* Build configuration list for PBXNativeTarget "iOS-Intermediate-lession-1" */ = {
			isa = XCConfigurationList;
			buildConfigurations = (
				96A60BA9256BD1F300C5C71D /* Debug */,
				96A60BAA256BD1F300C5C71D /* Release */,
			);
			defaultConfigurationIsVisible = 0;
			defaultConfigurationName = Release;
		};
		96A60BAB256BD1F300C5C71D /* Build configuration list for PBXNativeTarget "iOS-Intermediate-lession-1Tests" */ = {
			isa = XCConfigurationList;
			buildConfigurations = (
				96A60BAC256BD1F300C5C71D /* Debug */,
				96A60BAD256BD1F300C5C71D /* Release */,
			);
			defaultConfigurationIsVisible = 0;
			defaultConfigurationName = Release;
		};
		96A60BAE256BD1F300C5C71D /* Build configuration list for PBXNativeTarget "iOS-Intermediate-lession-1UITests" */ = {
			isa = XCConfigurationList;
			buildConfigurations = (
				96A60BAF256BD1F300C5C71D /* Debug */,
				96A60BB0256BD1F300C5C71D /* Release */,
			);
			defaultConfigurationIsVisible = 0;
			defaultConfigurationName = Release;
		};
/* End XCConfigurationList section */
	};
	rootObject = 96A60B76256BD1F100C5C71D /* Project object */;
}
